
Microsoft Visual Studio Solution File, Format Version 12.00
# Visual Studio Version 16
VisualStudioVersion = 16.0.30804.86
MinimumVisualStudioVersion = 10.0.40219.1
Project("{8BC9CEB8-8B4A-11D0-8D11-00A0C91BC942}") = "Code Design and Data Structures Assessment", "Code Design and Data Structures Assessment\Code Design and Data Structures Assessment.vcxproj", "{9489EE6B-FCDB-4D90-898B-D1A31253FEE3}"
EndProject
Project("{8BC9CEB8-8B4A-11D0-8D11-00A0C91BC942}") = "DynamicArrays", "DynamicArrays\DynamicArrays.vcxproj", "{E5B80FC4-08A9-4876-A5DD-3B743848943D}"
EndProject
Project("{8BC9CEB8-8B4A-11D0-8D11-00A0C91BC942}") = "DoublyLinkedLists", "DoublyLinkedLists\DoublyLinkedLists.vcxproj", "{5732E138-D93B-4B33-986D-E2308D45FA06}"
EndProject
Project("{8BC9CEB8-8B4A-11D0-8D11-00A0C91BC942}") = "BinaryTree", "BinaryTree\BinaryTree.vcxproj", "{EEF61492-587A-4F26-B16D-A92920106030}"
EndProject
Project("{8BC9CEB8-8B4A-11D0-8D11-00A0C91BC942}") = "Hashing", "Hashing\Hashing.vcxproj", "{65DAB33E-43C3-4184-B41F-7E8AD7FF64B8}"
EndProject
Global
	GlobalSection(SolutionConfigurationPlatforms) = preSolution
		Debug|x64 = Debug|x64
		Debug|x86 = Debug|x86
		Release|x64 = Release|x64
		Release|x86 = Release|x86
	EndGlobalSection
	GlobalSection(ProjectConfigurationPlatforms) = postSolution
		{9489EE6B-FCDB-4D90-898B-D1A31253FEE3}.Debug|x64.ActiveCfg = Debug|x64
		{9489EE6B-FCDB-4D90-898B-D1A31253FEE3}.Debug|x64.Build.0 = Debug|x64
		{9489EE6B-FCDB-4D90-898B-D1A31253FEE3}.Debug|x86.ActiveCfg = Debug|Win32
		{9489EE6B-FCDB-4D90-898B-D1A31253FEE3}.Debug|x86.Build.0 = Debug|Win32
		{9489EE6B-FCDB-4D90-898B-D1A31253FEE3}.Release|x64.ActiveCfg = Release|x64
		{9489EE6B-FCDB-4D90-898B-D1A31253FEE3}.Release|x64.Build.0 = Release|x64
		{9489EE6B-FCDB-4D90-898B-D1A31253FEE3}.Release|x86.ActiveCfg = Release|Win32
		{9489EE6B-FCDB-4D90-898B-D1A31253FEE3}.Release|x86.Build.0 = Release|Win32
		{E5B80FC4-08A9-4876-A5DD-3B743848943D}.Debug|x64.ActiveCfg = Debug|x64
		{E5B80FC4-08A9-4876-A5DD-3B743848943D}.Debug|x64.Build.0 = Debug|x64
		{E5B80FC4-08A9-4876-A5DD-3B743848943D}.Debug|x86.ActiveCfg = Debug|Win32
		{E5B80FC4-08A9-4876-A5DD-3B743848943D}.Debug|x86.Build.0 = Debug|Win32
		{E5B80FC4-08A9-4876-A5DD-3B743848943D}.Release|x64.ActiveCfg = Release|x64
		{E5B80FC4-08A9-4876-A5DD-3B743848943D}.Release|x64.Build.0 = Release|x64
		{E5B80FC4-08A9-4876-A5DD-3B743848943D}.Release|x86.ActiveCfg = Release|Win32
		{E5B80FC4-08A9-4876-A5DD-3B743848943D}.Release|x86.Build.0 = Release|Win32
		{5732E138-D93B-4B33-986D-E2308D45FA06}.Debug|x64.ActiveCfg = Debug|x64
		{5732E138-D93B-4B33-986D-E2308D45FA06}.Debug|x64.Build.0 = Debug|x64
		{5732E138-D93B-4B33-986D-E2308D45FA06}.Debug|x86.ActiveCfg = Debug|Win32
		{5732E138-D93B-4B33-986D-E2308D45FA06}.Debug|x86.Build.0 = Debug|Win32
		{5732E138-D93B-4B33-986D-E2308D45FA06}.Release|x64.ActiveCfg = Release|x64
		{5732E138-D93B-4B33-986D-E2308D45FA06}.Release|x64.Build.0 = Release|x64
		{5732E138-D93B-4B33-986D-E2308D45FA06}.Release|x86.ActiveCfg = Release|Win32
		{5732E138-D93B-4B33-986D-E2308D45FA06}.Release|x86.Build.0 = Release|Win32
		{EEF61492-587A-4F26-B16D-A92920106030}.Debug|x64.ActiveCfg = Debug|x64
		{EEF61492-587A-4F26-B16D-A92920106030}.Debug|x64.Build.0 = Debug|x64
		{EEF61492-587A-4F26-B16D-A92920106030}.Debug|x86.ActiveCfg = Debug|Win32
		{EEF61492-587A-4F26-B16D-A92920106030}.Debug|x86.Build.0 = Debug|Win32
		{EEF61492-587A-4F26-B16D-A92920106030}.Release|x64.ActiveCfg = Release|x64
		{EEF61492-587A-4F26-B16D-A92920106030}.Release|x64.Build.0 = Release|x64
		{EEF61492-587A-4F26-B16D-A92920106030}.Release|x86.ActiveCfg = Release|Win32
		{EEF61492-587A-4F26-B16D-A92920106030}.Release|x86.Build.0 = Release|Win32
		{65DAB33E-43C3-4184-B41F-7E8AD7FF64B8}.Debug|x64.ActiveCfg = Debug|x64
		{65DAB33E-43C3-4184-B41F-7E8AD7FF64B8}.Debug|x64.Build.0 = Debug|x64
		{65DAB33E-43C3-4184-B41F-7E8AD7FF64B8}.Debug|x86.ActiveCfg = Debug|Win32
		{65DAB33E-43C3-4184-B41F-7E8AD7FF64B8}.Debug|x86.Build.0 = Debug|Win32
		{65DAB33E-43C3-4184-B41F-7E8AD7FF64B8}.Release|x64.ActiveCfg = Release|x64
		{65DAB33E-43C3-4184-B41F-7E8AD7FF64B8}.Release|x64.Build.0 = Release|x64
		{65DAB33E-43C3-4184-B41F-7E8AD7FF64B8}.Release|x86.ActiveCfg = Release|Win32
		{65DAB33E-43C3-4184-B41F-7E8AD7FF64B8}.Release|x86.Build.0 = Release|Win32
	EndGlobalSection
	GlobalSection(SolutionProperties) = preSolution
		HideSolutionNode = FALSE
	EndGlobalSection
	GlobalSection(ExtensibilityGlobals) = postSolution
		SolutionGuid = {70BB4629-398A-4003-AC8A-B74080D7AF02}
	EndGlobalSection
EndGlobal
